
Microsoft Visual Studio Solution File, Format Version 12.00
# Visual Studio Version 16
VisualStudioVersion = 16.0.31515.178
MinimumVisualStudioVersion = 10.0.40219.1
Project("{FAE04EC0-301F-11D3-BF4B-00C04F79EFBC}") = "Lavadero y parqueadero las vegas", "colores\Lavadero y parqueadero las vegas.csproj", "{7C0DE0C1-689A-4EB1-B493-C7331C73B64B}"
EndProject
Global
	GlobalSection(SolutionConfigurationPlatforms) = preSolution
		Debug|Any CPU = Debug|Any CPU
		Release|Any CPU = Release|Any CPU
	EndGlobalSection
	GlobalSection(ProjectConfigurationPlatforms) = postSolution
		{7C0DE0C1-689A-4EB1-B493-C7331C73B64B}.Debug|Any CPU.ActiveCfg = Debug|Any CPU
		{7C0DE0C1-689A-4EB1-B493-C7331C73B64B}.Debug|Any CPU.Build.0 = Debug|Any CPU
		{7C0DE0C1-689A-4EB1-B493-C7331C73B64B}.Release|Any CPU.ActiveCfg = Release|Any CPU
		{7C0DE0C1-689A-4EB1-B493-C7331C73B64B}.Release|Any CPU.Build.0 = Release|Any CPU
	EndGlobalSection
	GlobalSection(SolutionProperties) = preSolution
		HideSolutionNode = FALSE
	EndGlobalSection
	GlobalSection(ExtensibilityGlobals) = postSolution
		SolutionGuid = {85E5C753-2660-472B-A433-7C1ED279A76A}
	EndGlobalSection
EndGlobal
